
Microsoft Visual Studio Solution File, Format Version 12.00
# Visual Studio 14
VisualStudioVersion = 14.0.25420.1
MinimumVisualStudioVersion = 10.0.40219.1
Project("{FAE04EC0-301F-11D3-BF4B-00C04F79EFBC}") = "ApiServer", "ApiServer\ApiServer.csproj", "{F2FF5524-1BBA-4F0F-8AC2-88F3FFE4C6B5}"
EndProject
Project("{FAE04EC0-301F-11D3-BF4B-00C04F79EFBC}") = "AuthServer", "AuthServer\AuthServer.csproj", "{C62F7DC9-92FA-4322-A086-1A8847F01C52}"
EndProject
Project("{FAE04EC0-301F-11D3-BF4B-00C04F79EFBC}") = "MockClient", "MockClient\MockClient.csproj", "{17752017-004B-41B9-92F0-C9B43B52C7C0}"
EndProject
Project("{FAE04EC0-301F-11D3-BF4B-00C04F79EFBC}") = "AuthApiTester", "AuthApiTester\AuthApiTester.csproj", "{94D8A760-DCBE-474C-BF4A-0F7D566F785E}"
EndProject
Project("{FAE04EC0-301F-11D3-BF4B-00C04F79EFBC}") = "ApiServerStandalone", "ApiServerStandalone\ApiServerStandalone.csproj", "{D8AD954F-660A-49D5-82E8-10634A873D15}"
EndProject
Project("{2150E333-8FDC-42A3-9474-1A3956D46DE8}") = "Mock", "Mock", "{78A161CA-2243-4220-9264-8CF43135543A}"
EndProject
Project("{2150E333-8FDC-42A3-9474-1A3956D46DE8}") = "Api", "Api", "{E22F85F1-8535-45AB-9E45-B69866988D6E}"
EndProject
Project("{FAE04EC0-301F-11D3-BF4B-00C04F79EFBC}") = "ApiServer.Services", "Api\ApiServer.Services\ApiServer.Services.csproj", "{17EC15C3-7A4A-4695-B23E-D3F9D047D476}"
EndProject
Project("{FAE04EC0-301F-11D3-BF4B-00C04F79EFBC}") = "ApiServer.IoC", "Api\ApiServer.IoC\ApiServer.IoC.csproj", "{6EE204AF-AA79-41E3-B849-5906A6B4481E}"
EndProject
Project("{FAE04EC0-301F-11D3-BF4B-00C04F79EFBC}") = "ApiServer.Domain", "Api\ApiServer.Domain\ApiServer.Domain.csproj", "{30A41516-1C77-4765-81DF-44DD4E419AFC}"
EndProject
Project("{FAE04EC0-301F-11D3-BF4B-00C04F79EFBC}") = "ApiServer.Repository", "Api\ApiServer.Repository\ApiServer.Repository.csproj", "{94516B4C-9681-43CC-88FD-634010F397E4}"
EndProject
Project("{FAE04EC0-301F-11D3-BF4B-00C04F79EFBC}") = "ApiServer.Repository.MockService", "Api\ApiServer.Repository.MockService\ApiServer.Repository.MockService.csproj", "{28094DBD-2012-4089-B467-2C89FBFC5F3C}"
EndProject
Project("{FAE04EC0-301F-11D3-BF4B-00C04F79EFBC}") = "ApiServer.Models", "Api\ApiServer.Models\ApiServer.Models.csproj", "{67F893FA-94E7-4AB8-A1BF-37F75EB65715}"
EndProject
Global
	GlobalSection(SubversionScc) = preSolution
		Svn-Managed = True
		Manager = AnkhSVN - Subversion Support for Visual Studio
	EndGlobalSection
	GlobalSection(SolutionConfigurationPlatforms) = preSolution
		Debug|Any CPU = Debug|Any CPU
		Release|Any CPU = Release|Any CPU
	EndGlobalSection
	GlobalSection(ProjectConfigurationPlatforms) = postSolution
		{F2FF5524-1BBA-4F0F-8AC2-88F3FFE4C6B5}.Debug|Any CPU.ActiveCfg = Debug|Any CPU
		{F2FF5524-1BBA-4F0F-8AC2-88F3FFE4C6B5}.Debug|Any CPU.Build.0 = Debug|Any CPU
		{F2FF5524-1BBA-4F0F-8AC2-88F3FFE4C6B5}.Release|Any CPU.ActiveCfg = Release|Any CPU
		{F2FF5524-1BBA-4F0F-8AC2-88F3FFE4C6B5}.Release|Any CPU.Build.0 = Release|Any CPU
		{C62F7DC9-92FA-4322-A086-1A8847F01C52}.Debug|Any CPU.ActiveCfg = Debug|Any CPU
		{C62F7DC9-92FA-4322-A086-1A8847F01C52}.Debug|Any CPU.Build.0 = Debug|Any CPU
		{C62F7DC9-92FA-4322-A086-1A8847F01C52}.Release|Any CPU.ActiveCfg = Release|Any CPU
		{C62F7DC9-92FA-4322-A086-1A8847F01C52}.Release|Any CPU.Build.0 = Release|Any CPU
		{17752017-004B-41B9-92F0-C9B43B52C7C0}.Debug|Any CPU.ActiveCfg = Debug|Any CPU
		{17752017-004B-41B9-92F0-C9B43B52C7C0}.Debug|Any CPU.Build.0 = Debug|Any CPU
		{17752017-004B-41B9-92F0-C9B43B52C7C0}.Release|Any CPU.ActiveCfg = Release|Any CPU
		{17752017-004B-41B9-92F0-C9B43B52C7C0}.Release|Any CPU.Build.0 = Release|Any CPU
		{94D8A760-DCBE-474C-BF4A-0F7D566F785E}.Debug|Any CPU.ActiveCfg = Debug|Any CPU
		{94D8A760-DCBE-474C-BF4A-0F7D566F785E}.Debug|Any CPU.Build.0 = Debug|Any CPU
		{94D8A760-DCBE-474C-BF4A-0F7D566F785E}.Release|Any CPU.ActiveCfg = Release|Any CPU
		{94D8A760-DCBE-474C-BF4A-0F7D566F785E}.Release|Any CPU.Build.0 = Release|Any CPU
		{D8AD954F-660A-49D5-82E8-10634A873D15}.Debug|Any CPU.ActiveCfg = Debug|Any CPU
		{D8AD954F-660A-49D5-82E8-10634A873D15}.Debug|Any CPU.Build.0 = Debug|Any CPU
		{D8AD954F-660A-49D5-82E8-10634A873D15}.Release|Any CPU.ActiveCfg = Release|Any CPU
		{D8AD954F-660A-49D5-82E8-10634A873D15}.Release|Any CPU.Build.0 = Release|Any CPU
		{17EC15C3-7A4A-4695-B23E-D3F9D047D476}.Debug|Any CPU.ActiveCfg = Debug|Any CPU
		{17EC15C3-7A4A-4695-B23E-D3F9D047D476}.Debug|Any CPU.Build.0 = Debug|Any CPU
		{17EC15C3-7A4A-4695-B23E-D3F9D047D476}.Release|Any CPU.ActiveCfg = Release|Any CPU
		{17EC15C3-7A4A-4695-B23E-D3F9D047D476}.Release|Any CPU.Build.0 = Release|Any CPU
		{6EE204AF-AA79-41E3-B849-5906A6B4481E}.Debug|Any CPU.ActiveCfg = Debug|Any CPU
		{6EE204AF-AA79-41E3-B849-5906A6B4481E}.Debug|Any CPU.Build.0 = Debug|Any CPU
		{6EE204AF-AA79-41E3-B849-5906A6B4481E}.Release|Any CPU.ActiveCfg = Release|Any CPU
		{6EE204AF-AA79-41E3-B849-5906A6B4481E}.Release|Any CPU.Build.0 = Release|Any CPU
		{30A41516-1C77-4765-81DF-44DD4E419AFC}.Debug|Any CPU.ActiveCfg = Debug|Any CPU
		{30A41516-1C77-4765-81DF-44DD4E419AFC}.Debug|Any CPU.Build.0 = Debug|Any CPU
		{30A41516-1C77-4765-81DF-44DD4E419AFC}.Release|Any CPU.ActiveCfg = Release|Any CPU
		{30A41516-1C77-4765-81DF-44DD4E419AFC}.Release|Any CPU.Build.0 = Release|Any CPU
		{94516B4C-9681-43CC-88FD-634010F397E4}.Debug|Any CPU.ActiveCfg = Debug|Any CPU
		{94516B4C-9681-43CC-88FD-634010F397E4}.Debug|Any CPU.Build.0 = Debug|Any CPU
		{94516B4C-9681-43CC-88FD-634010F397E4}.Release|Any CPU.ActiveCfg = Release|Any CPU
		{94516B4C-9681-43CC-88FD-634010F397E4}.Release|Any CPU.Build.0 = Release|Any CPU
		{28094DBD-2012-4089-B467-2C89FBFC5F3C}.Debug|Any CPU.ActiveCfg = Debug|Any CPU
		{28094DBD-2012-4089-B467-2C89FBFC5F3C}.Debug|Any CPU.Build.0 = Debug|Any CPU
		{28094DBD-2012-4089-B467-2C89FBFC5F3C}.Release|Any CPU.ActiveCfg = Release|Any CPU
		{28094DBD-2012-4089-B467-2C89FBFC5F3C}.Release|Any CPU.Build.0 = Release|Any CPU
		{67F893FA-94E7-4AB8-A1BF-37F75EB65715}.Debug|Any CPU.ActiveCfg = Debug|Any CPU
		{67F893FA-94E7-4AB8-A1BF-37F75EB65715}.Debug|Any CPU.Build.0 = Debug|Any CPU
		{67F893FA-94E7-4AB8-A1BF-37F75EB65715}.Release|Any CPU.ActiveCfg = Release|Any CPU
		{67F893FA-94E7-4AB8-A1BF-37F75EB65715}.Release|Any CPU.Build.0 = Release|Any CPU
	EndGlobalSection
	GlobalSection(SolutionProperties) = preSolution
		HideSolutionNode = FALSE
	EndGlobalSection
	GlobalSection(NestedProjects) = preSolution
		{F2FF5524-1BBA-4F0F-8AC2-88F3FFE4C6B5} = {E22F85F1-8535-45AB-9E45-B69866988D6E}
		{17752017-004B-41B9-92F0-C9B43B52C7C0} = {78A161CA-2243-4220-9264-8CF43135543A}
		{94D8A760-DCBE-474C-BF4A-0F7D566F785E} = {E22F85F1-8535-45AB-9E45-B69866988D6E}
		{17EC15C3-7A4A-4695-B23E-D3F9D047D476} = {E22F85F1-8535-45AB-9E45-B69866988D6E}
		{6EE204AF-AA79-41E3-B849-5906A6B4481E} = {E22F85F1-8535-45AB-9E45-B69866988D6E}
		{30A41516-1C77-4765-81DF-44DD4E419AFC} = {E22F85F1-8535-45AB-9E45-B69866988D6E}
		{94516B4C-9681-43CC-88FD-634010F397E4} = {E22F85F1-8535-45AB-9E45-B69866988D6E}
		{28094DBD-2012-4089-B467-2C89FBFC5F3C} = {E22F85F1-8535-45AB-9E45-B69866988D6E}
		{67F893FA-94E7-4AB8-A1BF-37F75EB65715} = {E22F85F1-8535-45AB-9E45-B69866988D6E}
	EndGlobalSection
EndGlobal
